dependencies:
- name: grafana
  repository: https://grafana.github.io/helm-charts
  version: 6.13.9
- name: influxdb
  repository: https://helm.influxdata.com
  version: 4.10.0
digest: sha256:2c8643d6d33353c4dc0052b8a0feb5f4de5c368be32448739339d171ac6a786c
generated: "2021-11-12T10:56:52.193712+01:00"
